// !$*UTF8*$!
{
	archiveVersion = 1;
	classes = {
	};
	objectVersion = 46;
	objects = {

/* Begin PBXBuildFile section */
		270EDE0A19C896E1008D536D /* smoke_cloud.jpg in Resources */ = {isa = PBXBuildFile; fileRef = 270EDE0919C896E1008D536D /* smoke_cloud.jpg */; };
		270EDE0C19C89A4E008D536D /* albert-einstein.jpg in Resources */ = {isa = PBXBuildFile; fileRef = 270EDE0B19C89A4E008D536D /* albert-einstein.jpg */; };
		277DA05119C4D5B300C09B14 /* AppDelegate.swift in Sources */ = {isa = PBXBuildFile; fileRef = 277DA05019C4D5B300C09B14 /* AppDelegate.swift */; };
		277DA05319C4D5B300C09B14 /* ViewController.swift in Sources */ = {isa = PBXBuildFile; fileRef = 277DA05219C4D5B300C09B14 /* ViewController.swift */; };
		277DA05619C4D5B300C09B14 /* Main.storyboard in Resources */ = {isa = PBXBuildFile; fileRef = 277DA05419C4D5B300C09B14 /* Main.storyboard */; };
		277DA05819C4D5B300C09B14 /* Images.xcassets in Resources */ = {isa = PBXBuildFile; fileRef = 277DA05719C4D5B300C09B14 /* Images.xcassets */; };
		277DA05B19C4D5B300C09B14 /* LaunchScreen.xib in Resources */ = {isa = PBXBuildFile; fileRef = 277DA05919C4D5B300C09B14 /* LaunchScreen.xib */; };
		277DA06719C4D5B300C09B14 /* PostcardTests.swift in Sources */ = {isa = PBXBuildFile; fileRef = 277DA06619C4D5B300C09B14 /* PostcardTests.swift */; };
/* End PBXBuildFile section */

/* Begin PBXContainerItemProxy section */
		277DA06119C4D5B300C09B14 /* PBXContainerItemProxy */ = {
			isa = PBXContainerItemProxy;
			containerPortal = 277DA04319C4D5B300C09B14 /* Project object */;
			proxyType = 1;
			remoteGlobalIDString = 277DA04A19C4D5B300C09B14;
			remoteInfo = Postcard;
		};
/* End PBXContainerItemProxy section */

/* Begin PBXFileReference section */
		270EDE0919C896E1008D536D /* smoke_cloud.jpg */ = {isa = PBXFileReference; lastKnownFileType = image.jpeg; path = smoke_cloud.jpg; sourceTree = "<group>"; };
		270EDE0B19C89A4E008D536D /* albert-einstein.jpg */ = {isa = PBXFileReference; lastKnownFileType = image.jpeg; path = "albert-einstein.jpg"; sourceTree = "<group>"; };
		277DA04B19C4D5B300C09B14 /* Postcard.app */ = {isa = PBXFileReference; explicitFileType = wrapper.application; includeInIndex = 0; path = Postcard.app; sourceTree = BUILT_PRODUCTS_DIR; };
		277DA04F19C4D5B300C09B14 /* Info.plist */ = {isa = PBXFileReference; lastKnownFileType = text.plist.xml; path = Info.plist; sourceTree = "<group>"; };
		277DA05019C4D5B300C09B14 /* AppDelegate.swift */ = {isa = PBXFileReference; lastKnownFileType = sourcecode.swift; path = AppDelegate.swift; sourceTree = "<group>"; };
		277DA05219C4D5B300C09B14 /* ViewController.swift */ = {isa = PBXFileReference; lastKnownFileType = sourcecode.swift; path = ViewController.swift; sourceTree = "<group>"; };
		277DA05519C4D5B300C09B14 /* Base */ = {isa = PBXFileReference; lastKnownFileType = file.storyboard; name = Base; path = Base.lproj/Main.storyboard; sourceTree = "<group>"; };
		277DA05719C4D5B300C09B14 /* Images.xcassets */ = {isa = PBXFileReference; lastKnownFileType = folder.assetcatalog; path = Images.xcassets; sourceTree = "<group>"; };
		277DA05A19C4D5B300C09B14 /* Base */ = {isa = PBXFileReference; lastKnownFileType = file.xib; name = Base; path = Base.lproj/LaunchScreen.xib; sourceTree = "<group>"; };
		277DA06019C4D5B300C09B14 /* PostcardTests.xctest */ = {isa = PBXFileReference; explicitFileType = wrapper.cfbundle; includeInIndex = 0; path = PostcardTests.xctest; sourceTree = BUILT_PRODUCTS_DIR; };
		277DA06519C4D5B300C09B14 /* Info.plist */ = {isa = PBXFileReference; lastKnownFileType = text.plist.xml; path = Info.plist; sourceTree = "<group>"; };
		277DA06619C4D5B300C09B14 /* PostcardTests.swift */ = {isa = PBXFileReference; lastKnownFileType = sourcecode.swift; path = PostcardTests.swift; sourceTree = "<group>"; };
/* End PBXFileReference section */

/* Begin PBXFrameworksBuildPhase section */
		277DA04819C4D5B300C09B14 /* Frameworks */ = {
			isa = PBXFrameworksBuildPhase;
			buildActionMask = 2147483647;
			files = (
			);
			runOnlyForDeploymentPostprocessing = 0;
		};
		277DA05D19C4D5B300C09B14 /* Frameworks */ = {
			isa = PBXFrameworksBuildPhase;
			buildActionMask = 2147483647;
			files = (
			);
			runOnlyForDeploymentPostprocessing = 0;
		};
/* End PBXFrameworksBuildPhase section */

/* Begin PBXGroup section */
		277DA04219C4D5B300C09B14 = {
			isa = PBXGroup;
			children = (
				277DA04D19C4D5B300C09B14 /* Postcard */,
				277DA06319C4D5B300C09B14 /* PostcardTests */,
				277DA04C19C4D5B300C09B14 /* Products */,
			);
			sourceTree = "<group>";
		};
		277DA04C19C4D5B300C09B14 /* Products */ = {
			isa = PBXGroup;
			children = (
				277DA04B19C4D5B300C09B14 /* Postcard.app */,
				277DA06019C4D5B300C09B14 /* PostcardTests.xctest */,
			);
			name = Products;
			sourceTree = "<group>";
		};
		277DA04D19C4D5B300C09B14 /* Postcard */ = {
			isa = PBXGroup;
			children = (
				277DA05019C4D5B300C09B14 /* AppDelegate.swift */,
				277DA05219C4D5B300C09B14 /* ViewController.swift */,
				277DA05419C4D5B300C09B14 /* Main.storyboard */,
				277DA05719C4D5B300C09B14 /* Images.xcassets */,
				277DA05919C4D5B300C09B14 /* LaunchScreen.xib */,
				277DA04E19C4D5B300C09B14 /* Supporting Files */,
			);
			path = Postcard;
			sourceTree = "<group>";
		};
		277DA04E19C4D5B300C09B14 /* Supporting Files */ = {
			isa = PBXGroup;
			children = (
				270EDE0B19C89A4E008D536D /* albert-einstein.jpg */,
				270EDE0919C896E1008D536D /* smoke_cloud.jpg */,
				277DA04F19C4D5B300C09B14 /* Info.plist */,
			);
			name = "Supporting Files";
			sourceTree = "<group>";
		};
		277DA06319C4D5B300C09B14 /* PostcardTests */ = {
			isa = PBXGroup;
			children = (
				277DA06619C4D5B300C09B14 /* PostcardTests.swift */,
				277DA06419C4D5B300C09B14 /* Supporting Files */,
			);
			path = PostcardTests;
			sourceTree = "<group>";
		};
		277DA06419C4D5B300C09B14 /* Supporting Files */ = {
			isa = PBXGroup;
			children = (
				277DA06519C4D5B300C09B14 /* Info.plist */,
			);
			name = "Supporting Files";
			sourceTree = "<group>";
		};
/* End PBXGroup section */

/* Begin PBXNativeTarget section */
		277DA04A19C4D5B300C09B14 /* Postcard */ = {
			isa = PBXNativeTarget;
			buildConfigurationList = 277DA06A19C4D5B300C09B14 /* Build configuration list for PBXNativeTarget "Postcard" */;
			buildPhases = (
				277DA04719C4D5B300C09B14 /* Sources */,
				277DA04819C4D5B300C09B14 /* Frameworks */,
				277DA04919C4D5B300C09B14 /* Resources */,
			);
			buildRules = (
			);
			dependencies = (
			);
			name = Postcard;
			productName = Postcard;
			productReference = 277DA04B19C4D5B300C09B14 /* Postcard.app */;
			productType = "com.apple.product-type.application";
		};
		277DA05F19C4D5B300C09B14 /* PostcardTests */ = {
			isa = PBXNativeTarget;
			buildConfigurationList = 277DA06D19C4D5B300C09B14 /* Build configuration list for PBXNativeTarget "PostcardTests" */;
			buildPhases = (
				277DA05C19C4D5B300C09B14 /* Sources */,
				277DA05D19C4D5B300C09B14 /* Frameworks */,
				277DA05E19C4D5B300C09B14 /* Resources */,
			);
			buildRules = (
			);
			dependencies = (
				277DA06219C4D5B300C09B14 /* PBXTargetDependency */,
			);
			name = PostcardTests;
			productName = PostcardTests;
			productReference = 277DA06019C4D5B300C09B14 /* PostcardTests.xctest */;
			productType = "com.apple.product-type.bundle.unit-test";
		};
/* End PBXNativeTarget section */

/* Begin PBXProject section */
		277DA04319C4D5B300C09B14 /* Project object */ = {
			isa = PBXProject;
			attributes = {
				LastUpgradeCheck = 0600;
				ORGANIZATIONNAME = MAOT.io;
				TargetAttributes = {
					277DA04A19C4D5B300C09B14 = {
						CreatedOnToolsVersion = 6.0;
					};
					277DA05F19C4D5B300C09B14 = {
						CreatedOnToolsVersion = 6.0;
						TestTargetID = 277DA04A19C4D5B300C09B14;
					};
				};
			};
			buildConfigurationList = 277DA04619C4D5B300C09B14 /* Build configuration list for PBXProject "Postcard" */;
			compatibilityVersion = "Xcode 3.2";
			developmentRegion = English;
			hasScannedForEncodings = 0;
			knownRegions = (
				en,
				Base,
			);
			mainGroup = 277DA04219C4D5B300C09B14;
			productRefGroup = 277DA04C19C4D5B300C09B14 /* Products */;
			projectDirPath = "";
			projectRoot = "";
			targets = (
				277DA04A19C4D5B300C09B14 /* Postcard */,
				277DA05F19C4D5B300C09B14 /* PostcardTests */,
			);
		};
/* End PBXProject section */

/* Begin PBXResourcesBuildPhase section */
		277DA04919C4D5B300C09B14 /* Resources */ = {
			isa = PBXResourcesBuildPhase;
			buildActionMask = 2147483647;
			files = (
				277DA05619C4D5B300C09B14 /* Main.storyboard in Resources */,
				277DA05B19C4D5B300C09B14 /* LaunchScreen.xib in Resources */,
				277DA05819C4D5B300C09B14 /* Images.xcassets in Resources */,
				270EDE0A19C896E1008D536D /* smoke_cloud.jpg in Resources */,
				270EDE0C19C89A4E008D536D /* albert-einstein.jpg in Resources */,
			);
			runOnlyForDeploymentPostprocessing = 0;
		};
		277DA05E19C4D5B300C09B14 /* Resources */ = {
			isa = PBXResourcesBuildPhase;
			buildActionMask = 2147483647;
			files = (
			);
			runOnlyForDeploymentPostprocessing = 0;
		};
/* End PBXResourcesBuildPhase section */

/* Begin PBXSourcesBuildPhase section */
		277DA04719C4D5B300C09B14 /* Sources */ = {
			isa = PBXSourcesBuildPhase;
			buildActionMask = 2147483647;
			files = (
				277DA05319C4D5B300C09B14 /* ViewController.swift in Sources */,
				277DA05119C4D5B300C09B14 /* AppDelegate.swift in Sources */,
			);
			runOnlyForDeploymentPostprocessing = 0;
		};
		277DA05C19C4D5B300C09B14 /* Sources */ = {
			isa = PBXSourcesBuildPhase;
			buildActionMask = 2147483647;
			files = (
				277DA06719C4D5B300C09B14 /* PostcardTests.swift in Sources */,
			);
			runOnlyForDeploymentPostprocessing = 0;
		};
/* End PBXSourcesBuildPhase section */

/* Begin PBXTargetDependency section */
		277DA06219C4D5B300C09B14 /* PBXTargetDependency */ = {
			isa = PBXTargetDependency;
			target = 277DA04A19C4D5B300C09B14 /* Postcard */;
			targetProxy = 277DA06119C4D5B300C09B14 /* PBXContainerItemProxy */;
		};
/* End PBXTargetDependency section */

/* Begin PBXVariantGroup section */
		277DA05419C4D5B300C09B14 /* Main.storyboard */ = {
			isa = PBXVariantGroup;
			children = (
				277DA05519C4D5B300C09B14 /* Base */,
			);
			name = Main.storyboard;
			sourceTree = "<group>";
		};
		277DA05919C4D5B300C09B14 /* LaunchScreen.xib */ = {
			isa = PBXVariantGroup;
			children = (
				277DA05A19C4D5B300C09B14 /* Base */,
			);
			name = LaunchScreen.xib;
			sourceTree = "<group>";
		};
/* End PBXVariantGroup section */

/* Begin XCBuildConfiguration section */
		277DA06819C4D5B300C09B14 /* Debug */ = {
			isa = XCBuildConfiguration;
			buildSettings = {
				ALWAYS_SEARCH_USER_PATHS = NO;
				CLANG_CXX_LANGUAGE_STANDARD = "gnu++0x";
				CLANG_CXX_LIBRARY = "libc++";
				CLANG_ENABLE_MODULES = YES;
				CLANG_ENABLE_OBJC_ARC = YES;
				CLANG_WARN_BOOL_CONVERSION = YES;
				CLANG_WARN_CONSTANT_CONVERSION = YES;
				CLANG_WARN_DIRECT_OBJC_ISA_USAGE = YES_ERROR;
				CLANG_WARN_EMPTY_BODY = YES;
				CLANG_WARN_ENUM_CONVERSION = YES;
				CLANG_WARN_INT_CONVERSION = YES;
				CLANG_WARN_OBJC_ROOT_CLASS = YES_ERROR;
				CLANG_WARN_UNREACHABLE_CODE = YES;
				CLANG_WARN__DUPLICATE_METHOD_MATCH = YES;
				"CODE_SIGN_IDENTITY[sdk=iphoneos*]" = "iPhone Developer";
				COPY_PHASE_STRIP = NO;
				ENABLE_STRICT_OBJC_MSGSEND = YES;
				GCC_C_LANGUAGE_STANDARD = gnu99;
				GCC_DYNAMIC_NO_PIC = NO;
				GCC_OPTIMIZATION_LEVEL = 0;
				GCC_PREPROCESSOR_DEFINITIONS = (
					"DEBUG=1",
					"$(inherited)",
				);
				GCC_SYMBOLS_PRIVATE_EXTERN = NO;
				GCC_WARN_64_TO_32_BIT_CONVERSION = YES;
				GCC_WARN_ABOUT_RETURN_TYPE = YES_ERROR;
				GCC_WARN_UNDECLARED_SELECTOR = YES;
				GCC_WARN_UNINITIALIZED_AUTOS = YES_AGGRESSIVE;
				GCC_WARN_UNUSED_FUNCTION = YES;
				GCC_WARN_UNUSED_VARIABLE = YES;
				IPHONEOS_DEPLOYMENT_TARGET = 8.0;
				MTL_ENABLE_DEBUG_INFO = YES;
				ONLY_ACTIVE_ARCH = YES;
				SDKROOT = iphoneos;
				SWIFT_OPTIMIZATION_LEVEL = "-Onone";
			};
			name = Debug;
		};
		277DA06919C4D5B300C09B14 /* Release */ = {
			isa = XCBuildConfiguration;
			buildSettings = {
				ALWAYS_SEARCH_USER_PATHS = NO;
				CLANG_CXX_LANGUAGE_STANDARD = "gnu++0x";
				CLANG_CXX_LIBRARY = "libc++";
				CLANG_ENABLE_MODULES = YES;
				CLANG_ENABLE_OBJC_ARC = YES;
				CLANG_WARN_BOOL_CONVERSION = YES;
				CLANG_WARN_CONSTANT_CONVERSION = YES;
				CLANG_WARN_DIRECT_OBJC_ISA_USAGE = YES_ERROR;
				CLANG_WARN_EMPTY_BODY = YES;
				CLANG_WARN_ENUM_CONVERSION = YES;
				CLANG_WARN_INT_CONVERSION = YES;
				CLANG_WARN_OBJC_ROOT_CLASS = YES_ERROR;
				CLANG_WARN_UNREACHABLE_CODE = YES;
				CLANG_WARN__DUPLICATE_METHOD_MATCH = YES;
				"CODE_SIGN_IDENTITY[sdk=iphoneos*]" = "iPhone Developer";
				COPY_PHASE_STRIP = YES;
				ENABLE_NS_ASSERTIONS = NO;
				ENABLE_STRICT_OBJC_MSGSEND = YES;
				GCC_C_LANGUAGE_STANDARD = gnu99;
				GCC_WARN_64_TO_32_BIT_CONVERSION = YES;
				GCC_WARN_ABOUT_RETURN_TYPE = YES_ERROR;
				GCC_WARN_UNDECLARED_SELECTOR = YES;
				GCC_WARN_UNINITIALIZED_AUTOS = YES_AGGRESSIVE;
				GCC_WARN_UNUSED_FUNCTION = YES;
				GCC_WARN_UNUSED_VARIABLE = YES;
				IPHONEOS_DEPLOYMENT_TARGET = 8.0;
				MTL_ENABLE_DEBUG_INFO = NO;
				SDKROOT = iphoneos;
				VALIDATE_PRODUCT = YES;
			};
			name = Release;
		};
		277DA06B19C4D5B300C09B14 /* Debug */ = {
			isa = XCBuildConfiguration;
			buildSettings = {
				ASSETCATALOG_COMPILER_APPICON_NAME = AppIcon;
				INFOPLIST_FILE = Postcard/Info.plist;
				LD_RUNPATH_SEARCH_PATHS = "$(inherited) @executable_path/Frameworks";
				PRODUCT_NAME = "$(TARGET_NAME)";
			};
			name = Debug;
		};
		277DA06C19C4D5B300C09B14 /* Release */ = {
			isa = XCBuildConfiguration;
			buildSettings = {
				ASSETCATALOG_COMPILER_APPICON_NAME = AppIcon;
				INFOPLIST_FILE = Postcard/Info.plist;
				LD_RUNPATH_SEARCH_PATHS = "$(inherited) @executable_path/Frameworks";
				PRODUCT_NAME = "$(TARGET_NAME)";
			};
			name = Release;
		};
		277DA06E19C4D5B300C09B14 /* Debug */ = {
			isa = XCBuildConfiguration;
			buildSettings = {
				BUNDLE_LOADER = "$(TEST_HOST)";
				FRAMEWORK_SEARCH_PATHS = (
					"$(SDKROOT)/Developer/Library/Frameworks",
					"$(inherited)",
				);
				GCC_PREPROCESSOR_DEFINITIONS = (
					"DEBUG=1",
					"$(inherited)",
				);
				INFOPLIST_FILE = PostcardTests/Info.plist;
				LD_RUNPATH_SEARCH_PATHS = "$(inherited) @executable_path/Frameworks @loader_path/Frameworks";
				PRODUCT_NAME = "$(TARGET_NAME)";
				TEST_HOST = "$(BUILT_PRODUCTS_DIR)/Postcard.app/Postcard";
			};
			name = Debug;
		};
		277DA06F19C4D5B300C09B14 /* Release */ = {
			isa = XCBuildConfiguration;
			buildSettings = {
				BUNDLE_LOADER = "$(TEST_HOST)";
				FRAMEWORK_SEARCH_PATHS = (
					"$(SDKROOT)/Developer/Library/Frameworks",
					"$(inherited)",
				);
				INFOPLIST_FILE = PostcardTests/Info.plist;
				LD_RUNPATH_SEARCH_PATHS = "$(inherited) @executable_path/Frameworks @loader_path/Frameworks";
				PRODUCT_NAME = "$(TARGET_NAME)";
				TEST_HOST = "$(BUILT_PRODUCTS_DIR)/Postcard.app/Postcard";
			};
			name = Release;
		};
/* End XCBuildConfiguration section */

/* Begin XCConfigurationList section */
		277DA04619C4D5B300C09B14 /* Build configuration list for PBXProject "Postcard" */ = {
			isa = XCConfigurationList;
			buildConfigurations = (
				277DA06819C4D5B300C09B14 /* Debug */,
				277DA06919C4D5B300C09B14 /* Release */,
			);
			defaultConfigurationIsVisible = 0;
			defaultConfigurationName = Release;
		};
		277DA06A19C4D5B300C09B14 /* Build configuration list for PBXNativeTarget "Postcard" */ = {
			isa = XCConfigurationList;
			buildConfigurations = (
				277DA06B19C4D5B300C09B14 /* Debug */,
				277DA06C19C4D5B300C09B14 /* Release */,
			);
			defaultConfigurationIsVisible = 0;
			defaultConfigurationName = Release;
		};
		277DA06D19C4D5B300C09B14 /* Build configuration list for PBXNativeTarget "PostcardTests" */ = {
			isa = XCConfigurationList;
			buildConfigurations = (
				277DA06E19C4D5B300C09B14 /* Debug */,
				277DA06F19C4D5B300C09B14 /* Release */,
			);
			defaultConfigurationIsVisible = 0;
			defaultConfigurationName = Release;
		};
/* End XCConfigurationList section */
	};
	rootObject = 277DA04319C4D5B300C09B14 /* Project object */;
}
